
Microsoft Visual Studio Solution File, Format Version 12.00
# Visual Studio Version 16
VisualStudioVersion = 16.0.30114.105
MinimumVisualStudioVersion = 10.0.40219.1
Project("{9A19103F-16F7-4668-BE54-9A1E7A4F7556}") = "DevIO.Business", "src\DevIO.Business\DevIO.Business.csproj", "{A8ED3E91-8ED0-4198-973E-984ABBE539C7}"
EndProject
Project("{9A19103F-16F7-4668-BE54-9A1E7A4F7556}") = "DevIO.Data", "src\DevIO.Data\DevIO.Data.csproj", "{C1588026-4991-4753-9DED-4FBAD092258A}"
EndProject
Project("{FAE04EC0-301F-11D3-BF4B-00C04F79EFBC}") = "DevIO.API", "DevIO.API\DevIO.API.csproj", "{2CDB63C9-91B6-4354-BAC5-D6611536373E}"
EndProject
Global
	GlobalSection(SolutionConfigurationPlatforms) = preSolution
		Debug|Any CPU = Debug|Any CPU
		Release|Any CPU = Release|Any CPU
	EndGlobalSection
	GlobalSection(ProjectConfigurationPlatforms) = postSolution
		{A8ED3E91-8ED0-4198-973E-984ABBE539C7}.Debug|Any CPU.ActiveCfg = Debug|Any CPU
		{A8ED3E91-8ED0-4198-973E-984ABBE539C7}.Debug|Any CPU.Build.0 = Debug|Any CPU
		{A8ED3E91-8ED0-4198-973E-984ABBE539C7}.Release|Any CPU.ActiveCfg = Release|Any CPU
		{A8ED3E91-8ED0-4198-973E-984ABBE539C7}.Release|Any CPU.Build.0 = Release|Any CPU
		{C1588026-4991-4753-9DED-4FBAD092258A}.Debug|Any CPU.ActiveCfg = Debug|Any CPU
		{C1588026-4991-4753-9DED-4FBAD092258A}.Debug|Any CPU.Build.0 = Debug|Any CPU
		{C1588026-4991-4753-9DED-4FBAD092258A}.Release|Any CPU.ActiveCfg = Release|Any CPU
		{C1588026-4991-4753-9DED-4FBAD092258A}.Release|Any CPU.Build.0 = Release|Any CPU
		{2CDB63C9-91B6-4354-BAC5-D6611536373E}.Debug|Any CPU.ActiveCfg = Debug|Any CPU
		{2CDB63C9-91B6-4354-BAC5-D6611536373E}.Debug|Any CPU.Build.0 = Debug|Any CPU
		{2CDB63C9-91B6-4354-BAC5-D6611536373E}.Release|Any CPU.ActiveCfg = Release|Any CPU
		{2CDB63C9-91B6-4354-BAC5-D6611536373E}.Release|Any CPU.Build.0 = Release|Any CPU
	EndGlobalSection
	GlobalSection(SolutionProperties) = preSolution
		HideSolutionNode = FALSE
	EndGlobalSection
	GlobalSection(ExtensibilityGlobals) = postSolution
		SolutionGuid = {5DF76E27-0885-4081-856E-A48D35AAEDB8}
	EndGlobalSection
EndGlobal
